{
  "version": 1,
  "dependencies": {
    "net10.0": {
      "Avalonia.Headless.XUnit": {
        "type": "Direct",
        "requested": "[11.3.20, )",
        "resolved": "11.3.20",
        "contentHash": "QoMVa9fOlFyQCUaYt26C573udbpFpGFB+DzX1LSk+tCSjqPzuTiX6iaY187GtnzFhneXwnWhQH65ZFPMIq0Snw==",
        "dependencies": {
          "Avalonia.Headless": "11.3.20",
          "xunit.core": "2.4.0"
        }
      },
      "Avalonia.Skia": {
        "type": "Direct",
        "requested": "[11.3.20, )",
        "resolved": "11.3.20",
        "contentHash": "Kfje1DNaaJg8gQfLQSTc1BCPKxQGk3JfsPbJWMRleUuoWKXfwB3syCRB0j7n52GvZsVT71yJuxBdGp3doy074g==",
        "dependencies": {
          "Avalonia": "11.3.20",
          "HarfBuzzSharp": "8.3.1.1",
          "HarfBuzzSharp.NativeAssets.Linux": "8.3.1.1",
          "HarfBuzzSharp.NativeAssets.WebAssembly": "8.3.1.1",
          "SkiaSharp": "2.88.9",
          "SkiaSharp.NativeAssets.Linux": "2.88.9",
          "SkiaSharp.NativeAssets.WebAssembly": "2.88.9"
        }
      },
      "coverlet.collector": {
        "type": "Direct",
        "requested": "[6.0.4, )",
        "resolved": "6.0.4",
        "contentHash": "lkhqpF8Pu2Y7IiN7OntbsTtdbpR1syMsm2F3IgX6ootA4ffRqWL5jF7XipHuZQTdVuWG/gVAAcf8mjk8Tz0xPg=="
      },
      "Microsoft.NET.Test.Sdk": {
        "type": "Direct",
        "requested": "[17.14.1, )",
        "resolved": "17.14.1",
        "contentHash": "HJKqKOE+vshXra2aEHpi2TlxYX7Z9VFYkr+E5rwEvHC8eIXiyO+K9kNm8vmNom3e2rA56WqxU+/N9NJlLGXsJQ==",
        "dependencies": {
          "Microsoft.CodeCoverage": "17.14.1",
          "Microsoft.TestPlatform.TestHost": "17.14.1"
        }
      },
      "xunit": {
        "type": "Direct",
        "requested": "[2.9.3, )",
        "resolved": "2.9.3",
        "contentHash": "TlXQBinK35LpOPKHAqbLY4xlEen9TBafjs0V5KnA4wZsoQLQJiirCR4CbIXvOH8NzkW4YeJKP5P/Bnrodm0h9Q==",
        "dependencies": {
          "xunit.analyzers": "1.18.0",
          "xunit.assert": "2.9.3",
          "xunit.core": "[2.9.3]"
        }
      },
      "xunit.runner.visualstudio": {
        "type": "Direct",
        "requested": "[3.1.4, )",
        "resolved": "3.1.4",
        "contentHash": "5mj99LvCqrq3CNi06xYdyIAXOEh+5b33F2nErCzI5zWiDdLHXiPXEWFSUAF8zlIv0ZWqjZNCwHTQeAPYbF3pCg=="
      },
      "Avalonia": {
        "type": "Transitive",
        "resolved": "11.3.20",
        "contentHash": "nbT+swxCTTvtXxNZC7ZOBGq6GKE5G8PpQ9rDw4+fKvzpbUqPgVVoUfnTGUY+Y+THvuAQN0Xyk/R7flyKYADX0w==",
        "dependencies": {
          "Avalonia.BuildServices": "11.3.2",
          "Avalonia.Remote.Protocol": "11.3.20",
          "MicroCom.Runtime": "0.11.0"
        }
      },
      "Avalonia.Angle.Windows.Natives": {
        "type": "Transitive",
        "resolved": "2.1.25547.20250602",
        "contentHash": "ZL0VLc4s9rvNNFt19Pxm5UNAkmKNylugAwJPX9ulXZ6JWs/l6XZihPWWTyezaoNOVyEPU8YbURtW7XMAtqXH5A=="
      },
      "Avalonia.BuildServices": {
        "type": "Transitive",
        "resolved": "11.3.2",
        "contentHash": "qHDToxto1e3hci5YqbG9n0Ty8mlp3zBUN5wT66wKqaDVzXyQ0do3EnRILd4Ke9jpvsktaPpgE0YjEk7hornryQ=="
      },
      "Avalonia.Desktop": {
        "type": "Transitive",
        "resolved": "11.3.20",
        "contentHash": "Xgqh+P7tdnarTbBgnPcbUlqedrfpU2nqLnlxgnrhNUrJZY5hMkmaxZapqYx+Wmu3IcTj3Cl79m7n6vlbBxM6IQ==",
        "dependencies": {
          "Avalonia": "11.3.20",
          "Avalonia.Native": "11.3.20",
          "Avalonia.Skia": "11.3.20",
          "Avalonia.Win32": "11.3.20",
          "Avalonia.X11": "11.3.20"
        }
      },
      "Avalonia.Fonts.Inter": {
        "type": "Transitive",
        "resolved": "11.3.20",
        "contentHash": "iYNav6Va0XAESt7mSTVHmIPY4/cUYmVmfGWF9keI21WxbHmyANutfzEwqD5lakFd7FSKIXrrgcV+Ydp+Z/lsMw==",
        "dependencies": {
          "Avalonia": "11.3.20"
        }
      },
      "Avalonia.FreeDesktop": {
        "type": "Transitive",
        "resolved": "11.3.20",
        "contentHash": "lqUbC3G9XB5sqyzosgOsoAN+/pB72EzlrsucYCyTT6MK0dOS9KyzrbZIt7g260v/6MjzKZ9EeUx20L2wlRxyUg==",
        "dependencies": {
          "Avalonia": "11.3.20",
          "Tmds.DBus.Protocol": "0.21.3"
        }
      },
      "Avalonia.Headless": {
        "type": "Transitive",
        "resolved": "11.3.20",
        "contentHash": "HbJss0mCklpOF1nwMPE2jdlz7oKgU0MjJ+MFgEy/StBwIZ44bnoHOQAXFCj+XoCvRZgP8vggStSC2trQW8TZpQ==",
        "dependencies": {
          "Avalonia": "11.3.20"
        }
      },
      "Avalonia.Native": {
        "type": "Transitive",
        "resolved": "11.3.20",
        "contentHash": "EbKYJk6cp2fPW0bZpeUcndg5wXh+VyxKkGLGXrrTqR+FZFA2CpCcT0PFzOFlTY0p8KU7Z41Hd/qZ/6TvoMB07Q==",
        "dependencies": {
          "Avalonia": "11.3.20"
        }
      },
      "Avalonia.Remote.Protocol": {
        "type": "Transitive",
        "resolved": "11.3.20",
        "contentHash": "ZOKQmS0qetctZjK001FNAq8zxH7D3jZk9MkJP3cx7/Z6Ch4C3g0iAzGM/ND7/l6ki2sV/qEHzGvQZ02zB2GYOw=="
      },
      "Avalonia.Themes.Fluent": {
        "type": "Transitive",
        "resolved": "11.3.20",
        "contentHash": "jqjnFUmFRsT454990BFUbDqCaLeN1BOrNGMNty76TifMGEn4JgOL/hBY6mQw9UrRABXBZfXAWu9G36D7CkE9MA==",
        "dependencies": {
          "Avalonia": "11.3.20"
        }
      },
      "Avalonia.Win32": {
        "type": "Transitive",
        "resolved": "11.3.20",
        "contentHash": "uiEoEbRjja1Dv+MY0w8NwMbMBKbCZ23YFUl1BwJuyX+D2+jEG5HjA6SuxgPkC54DSAQG0gj4PEWxvenel4DO5w==",
        "dependencies": {
          "Avalonia": "11.3.20",
          "Avalonia.Angle.Windows.Natives": "2.1.25547.20250602"
        }
      },
      "Avalonia.X11": {
        "type": "Transitive",
        "resolved": "11.3.20",
        "contentHash": "wm090c1cGa5VrppIWhEXCyt5xyZ0zblOEcBnFCFOHQFIYj8fR3x49NPCdzKCXB6yx/Lp4KwWwdN1L9NNZAODiQ==",
        "dependencies": {
          "Avalonia": "11.3.20",
          "Avalonia.FreeDesktop": "11.3.20",
          "Avalonia.Skia": "11.3.20"
        }
      },
      "bblanchon.PDFium.Linux": {
        "type": "Transitive",
        "resolved": "130.0.6721",
        "contentHash": "VUnf/AEx1CwMhfOmTmUKcWOmJKFEmFfBWmm4j3v6ryPIDLhPglF8ePSjSObapwg7hF6plebXbQNlbHACXPIZog=="
      },
      "bblanchon.PDFium.macOS": {
        "type": "Transitive",
        "resolved": "130.0.6721",
        "contentHash": "BsCVaXcakJVk8CHXDOJL6tVztqtLQ7fco+LY0IGjJT1RcTGEEzLGRVOkev6nEINVmz04fx+Zu8LCCCUKpnXW5A=="
      },
      "bblanchon.PDFium.Win32": {
        "type": "Transitive",
        "resolved": "130.0.6721",
        "contentHash": "lP+F3IdHich8riSWg/9RuwZGIt6GJvk6t2e1mIb9sQoIUVfLYU2Npocc1yYOq6SQDifs5Ux2+MRw7je3A8c5cg=="
      },
      "ExCSS": {
        "type": "Transitive",
        "resolved": "4.3.0",
        "contentHash": "LyVZ925Cl6Z4TJrbogt3+DkvanYWZcJs0tzKg8lWHAY9PgniVMluNy+l5vXDMmvt5gBgekULasEnUqVAavPuZw=="
      },
      "HarfBuzzSharp": {
        "type": "Transitive",
        "resolved": "8.3.1.1",
        "contentHash": "tLZN66oe/uiRPTZfrCU4i8ScVGwqHNh5MHrXj0yVf4l7Mz0FhTGnQ71RGySROTmdognAs0JtluHkL41pIabWuQ==",
        "dependencies": {
          "HarfBuzzSharp.NativeAssets.Win32": "8.3.1.1",
          "HarfBuzzSharp.NativeAssets.macOS": "8.3.1.1"
        }
      },
      "HarfBuzzSharp.NativeAssets.Linux": {
        "type": "Transitive",
        "resolved": "8.3.1.1",
        "contentHash": "3EZ1mpIiKWRLL5hUYA82ZHteeDIVaEA/Z0rA/wU6tjx6crcAkJnBPwDXZugBSfo8+J3EznvRJf49uMsqYfKrHg=="
      },
      "HarfBuzzSharp.NativeAssets.macOS": {
        "type": "Transitive",
        "resolved": "8.3.1.1",
        "contentHash": "jbtCsgftcaFLCA13tVKo5iWdElJScrulLTKJre36O4YQTIlwDtPPqhRZNk+Y0vv4D1gxbscasGRucUDfS44ofQ=="
      },
      "HarfBuzzSharp.NativeAssets.WebAssembly": {
        "type": "Transitive",
        "resolved": "8.3.1.1",
        "contentHash": "loJweK2u/mH/3C2zBa0ggJlITIszOkK64HLAZB7FUT670dTg965whLFYHDQo69NmC4+d9UN0icLC9VHidXaVCA=="
      },
      "HarfBuzzSharp.NativeAssets.Win32": {
        "type": "Transitive",
        "resolved": "8.3.1.1",
        "contentHash": "UsJtQsfAJoFDZrXc4hCUfRPMqccfKZ0iumJ/upcUjz/cmsTgVFGNEL5yaJWmkqsuFYdMWbj/En5/kS4PFl9hBA=="
      },
      "MicroCom.Runtime": {
        "type": "Transitive",
        "resolved": "0.11.0",
        "contentHash": "MEnrZ3UIiH40hjzMDsxrTyi8dtqB5ziv3iBeeU4bXsL/7NLSal9F1lZKpK+tfBRnUoDSdtcW3KufE4yhATOMCA=="
      },
      "Microsoft.CodeCoverage": {
        "type": "Transitive",
        "resolved": "17.14.1",
        "contentHash": "pmTrhfFIoplzFVbhVwUquT+77CbGH+h4/3mBpdmIlYtBi9nAB+kKI6dN3A/nV4DFi3wLLx/BlHIPK+MkbQ6Tpg=="
      },
      "Microsoft.Data.Sqlite": {
        "type": "Transitive",
        "resolved": "10.0.11",
        "contentHash": "7je7UELzm131GiLYc4PpZvfKXIgIyzPM+v+tjcd/nbnuWRfgcONYKzDTqJlURxwVCFsVnlpmq6y6yn4qvR8QXQ==",
        "dependencies": {
          "Microsoft.Data.Sqlite.Core": "10.0.11",
          "SQLitePCLRaw.bundle_e_sqlite3": "2.1.12",
          "SQLitePCLRaw.core": "2.1.12"
        }
      },
      "Microsoft.Data.Sqlite.Core": {
        "type": "Transitive",
        "resolved": "10.0.11",
        "contentHash": "hubA20AGenQ4Sx0ElWaPpB8DISjXpdx463+1zOGRslsT0e/t/06ITv+pHsop8CcJ0d8PZLfgnT7juCDVD79Dkw==",
        "dependencies": {
          "SQLitePCLRaw.core": "2.1.12"
        }
      },
      "Microsoft.Extensions.Configuration": {
        "type": "Transitive",
        "resolved": "10.0.11",
        "contentHash": "wlhRqZW8LcJPa+vk2oLAc/REXDItHtkFQdf/QcXYGZbZOO13izcsKY1pCvuFQYwUiZD+hwSZwsKASjqT+BNaVg==",
        "dependencies": {
          "Microsoft.Extensions.Configuration.Abstractions": "10.0.11",
          "Microsoft.Extensions.Primitives": "10.0.11"
        }
      },
      "Microsoft.Extensions.Configuration.Abstractions": {
        "type": "Transitive",
        "resolved": "10.0.11",
        "contentHash": "fVi053xdpda9Em7vSkmgVxO/PtgC2m78ekReKWsgcyskqY0U82Bz/MONwxpGzI0hElYKJfw+fupqMVeKW3fSaA==",
        "dependencies": {
          "Microsoft.Extensions.Primitives": "10.0.11"
        }
      },
      "Microsoft.Extensions.Configuration.CommandLine": {
        "type": "Transitive",
        "resolved": "10.0.11",
        "contentHash": "1KHr/1L56llwQ/yI0tAisEA31UpPsn8aasjASIwELOaN4JIUcbjuQBMdFOIzfNBBeULoUa0XfBe5QDtRRUY+fg==",
        "dependencies": {
          "Microsoft.Extensions.Configuration": "10.0.11",
          "Microsoft.Extensions.Configuration.Abstractions": "10.0.11"
        }
      },
      "Microsoft.Extensions.Configuration.EnvironmentVariables": {
        "type": "Transitive",
        "resolved": "10.0.11",
        "contentHash": "KICyU3eVi5jvloKm01EXV69L97H/zkhISVtV98cIuzuFOxNx3xTUVcXqvWTz3aq7OvUuDB/MFlPFjmxRaKF7/A==",
        "dependencies": {
          "Microsoft.Extensions.Configuration": "10.0.11",
          "Microsoft.Extensions.Configuration.Abstractions": "10.0.11"
        }
      },
      "Microsoft.Extensions.Configuration.FileExtensions": {
        "type": "Transitive",
        "resolved": "10.0.11",
        "contentHash": "mDW7KVFB05M6jiRUyaZiOMWhS31n5HlSZwoYctHAZAucD4sMDJ70IxOmkGDt6RpstchD+keWBjhdzcMpSkWvWQ==",
        "dependencies": {
          "Microsoft.Extensions.Configuration": "10.0.11",
          "Microsoft.Extensions.Configuration.Abstractions": "10.0.11",
          "Microsoft.Extensions.FileProviders.Abstractions": "10.0.11",
          "Microsoft.Extensions.FileProviders.Physical": "10.0.11",
          "Microsoft.Extensions.Primitives": "10.0.11"
        }
      },
      "Microsoft.Extensions.Configuration.Json": {
        "type": "Transitive",
        "resolved": "10.0.11",
        "contentHash": "nSPrT8U/cNoB4coqkmnanAMK9PsL7lsjG+LLUKEwHRFwS6E78b8S1wdv/y88EOxBhasWov1rLd7RTHmmsYPOLg==",
        "dependencies": {
          "Microsoft.Extensions.Configuration": "10.0.11",
          "Microsoft.Extensions.Configuration.Abstractions": "10.0.11",
          "Microsoft.Extensions.Configuration.FileExtensions": "10.0.11",
          "Microsoft.Extensions.FileProviders.Abstractions": "10.0.11"
        }
      },
      "Microsoft.Extensions.DependencyInjection.Abstractions": {
        "type": "Transitive",
        "resolved": "10.0.11",
        "contentHash": "/a1aJz4m7ylhEDf25ugQChLQoN5XwoGjWw/BoR/ZWWKsO1v4DdJElS1uyngahz4B/eOzjFk1KNTkarRLE5wsIg=="
      },
      "Microsoft.Extensions.FileProviders.Abstractions": {
        "type": "Transitive",
        "resolved": "10.0.11",
        "contentHash": "JOjac6SQQgZmdmB8WGEw61/7siqMZoWJMkmq2p1goJGxqI59lO6oB4bOl0jNsbaPBdYy5Mlkb+6U7T4+CjnD8Q==",
        "dependencies": {
          "Microsoft.Extensions.Primitives": "10.0.11"
        }
      },
      "Microsoft.Extensions.FileProviders.Physical": {
        "type": "Transitive",
        "resolved": "10.0.11",
        "contentHash": "Tq/UqMaczePv9yWwSsJZRgKtgA46djVR5xHj/lZBCueQ3ag8f9v5mu0EdhrNx7tXxNk+Y9OurG2oKuSKINjr0A==",
        "dependencies": {
          "Microsoft.Extensions.FileProviders.Abstractions": "10.0.11",
          "Microsoft.Extensions.FileSystemGlobbing": "10.0.11",
          "Microsoft.Extensions.Primitives": "10.0.11"
        }
      },
      "Microsoft.Extensions.FileSystemGlobbing": {
        "type": "Transitive",
        "resolved": "10.0.11",
        "contentHash": "2i6rtW/B5rCnWCnhdmWWEmaM9O0HD0zsPY9eRqa++y4tclI3Uw8zvGbBvhY/LjAdtf8gUHhUPcAWj3DRlWMXmQ=="
      },
      "Microsoft.Extensions.Logging.Abstractions": {
        "type": "Transitive",
        "resolved": "10.0.11",
        "contentHash": "Ljd0Uxoq5XpScD2Bg0nM/r3mwx7Ao5Uq24eo2ARxbGvqJ7Zht6rt2cJtwVRH4Cv+1ZVMdXz6TB43KbpmsxRrvQ==",
        "dependencies": {
          "Microsoft.Extensions.DependencyInjection.Abstractions": "10.0.11"
        }
      },
      "Microsoft.Extensions.Primitives": {
        "type": "Transitive",
        "resolved": "10.0.11",
        "contentHash": "SXcz+kF+4Oo9b1+55zntpJFYfwb1jw66ioxptyNOOTDc8g2FHnBFWjZpsWfCvZIhzr0x+4e2trVTs4OKwQfBtw=="
      },
      "Microsoft.TestPlatform.ObjectModel": {
        "type": "Transitive",
        "resolved": "17.14.1",
        "contentHash": "xTP1W6Mi6SWmuxd3a+jj9G9UoC850WGwZUps1Wah9r1ZxgXhdJfj1QqDLJkFjHDCvN42qDL2Ps5KjQYWUU0zcQ=="
      },
      "Microsoft.TestPlatform.TestHost": {
        "type": "Transitive",
        "resolved": "17.14.1",
        "contentHash": "d78LPzGKkJwsJXAQwsbJJ7LE7D1wB+rAyhHHAaODF+RDSQ0NgMjDFkSA1Djw18VrxO76GlKAjRUhl+H8NL8Z+Q==",
        "dependencies": {
          "Microsoft.TestPlatform.ObjectModel": "17.14.1",
          "Newtonsoft.Json": "13.0.3"
        }
      },
      "Newtonsoft.Json": {
        "type": "Transitive",
        "resolved": "13.0.3",
        "contentHash": "HrC5BXdl00IP9zeV+0Z848QWPAoCr9P3bDEZguI+gkLcBKAOxix/tLEAAHC+UvDNPv4a2d18lOReHMOagPa+zQ=="
      },
      "PDFtoImage": {
        "type": "Transitive",
        "resolved": "4.1.1",
        "contentHash": "w41wtOrmafNGfjs8++dD+6V7s761Iw7sWLEo3sNMFDKph4/K2xnLvtNuIMNoc6dEXgI/vWZ8FqH/UrxIh1jbHg==",
        "dependencies": {
          "SkiaSharp": "2.88.8",
          "SkiaSharp.NativeAssets.Linux.NoDependencies": "2.88.8",
          "SkiaSharp.NativeAssets.WebAssembly": "2.88.8",
          "SkiaSharp.NativeAssets.Win32": "2.88.8",
          "SkiaSharp.NativeAssets.macOS": "2.88.8",
          "Sungaila.PDFium.BlazorWebAssembly": "131.0.6728",
          "bblanchon.PDFium.Linux": "130.0.6721",
          "bblanchon.PDFium.Win32": "130.0.6721",
          "bblanchon.PDFium.macOS": "130.0.6721"
        }
      },
      "ShimSkiaSharp": {
        "type": "Transitive",
        "resolved": "2.0.0.8",
        "contentHash": "Ld4ClI8RbpKtj0Fi8YDbc7JuJLcy/Swok7NLWs0fylC9ffU8z+y9NBm+q1Gs7x7X/6DONc64vDwcbwAT+cQ3WA=="
      },
      "SkiaSharp": {
        "type": "Transitive",
        "resolved": "2.88.9",
        "contentHash": "3MD5VHjXXieSHCleRLuaTXmL2pD0mB7CcOB1x2kA1I4bhptf4e3R27iM93264ZYuAq6mkUyX5XbcxnZvMJYc1Q==",
        "dependencies": {
          "SkiaSharp.NativeAssets.Win32": "2.88.9",
          "SkiaSharp.NativeAssets.macOS": "2.88.9"
        }
      },
      "SkiaSharp.HarfBuzz": {
        "type": "Transitive",
        "resolved": "2.88.9",
        "contentHash": "5lyjX04CSWTKFYMSNN6SMupV2qzYDr8W/u8S3ZEkr+Sg3kOi0YE06EOqG0tzn/YPBID89xam4L3rz3hUUKOGEQ==",
        "dependencies": {
          "HarfBuzzSharp": "7.3.0.3",
          "SkiaSharp": "2.88.9"
        }
      },
      "SkiaSharp.NativeAssets.Linux": {
        "type": "Transitive",
        "resolved": "2.88.9",
        "contentHash": "cWSaJKVPWAaT/WIn9c8T5uT/l4ETwHxNJTkEOtNKjphNo8AW6TF9O32aRkxqw3l8GUdUo66Bu7EiqtFh/XG0Zg==",
        "dependencies": {
          "SkiaSharp": "2.88.9"
        }
      },
      "SkiaSharp.NativeAssets.Linux.NoDependencies": {
        "type": "Transitive",
        "resolved": "2.88.8",
        "contentHash": "/DoKtdyvRgCC5GR/SH+ps3ZiOjmf0BYpAyrhWQELFOO1hdcqddrDVJjDNCOJ41vV+NlS5b3kcDoZZ7jLhFjyXg==",
        "dependencies": {
          "SkiaSharp": "2.88.8"
        }
      },
      "SkiaSharp.NativeAssets.macOS": {
        "type": "Transitive",
        "resolved": "2.88.9",
        "contentHash": "Nv5spmKc4505Ep7oUoJ5vp3KweFpeNqxpyGDWyeEPTX2uR6S6syXIm3gj75dM0YJz7NPvcix48mR5laqs8dPuA=="
      },
      "SkiaSharp.NativeAssets.WebAssembly": {
        "type": "Transitive",
        "resolved": "2.88.9",
        "contentHash": "kt06RccBHSnAs2wDYdBSfsjIDbY3EpsOVqnlDgKdgvyuRA8ZFDaHRdWNx1VHjGgYzmnFCGiTJBnXFl5BqGwGnA=="
      },
      "SkiaSharp.NativeAssets.Win32": {
        "type": "Transitive",
        "resolved": "2.88.9",
        "contentHash": "wb2kYgU7iy84nQLYZwMeJXixvK++GoIuECjU4ECaUKNuflyRlJKyiRhN1MAHswvlvzuvkrjRWlK0Za6+kYQK7w=="
      },
      "SQLitePCLRaw.bundle_e_sqlite3": {
        "type": "Transitive",
        "resolved": "2.1.12",
        "contentHash": "mAgscpQMLw5/nfA1Q5oJVAT29yROUo1ifZGbbTpx/lwZpSxMUGoYbKfmvdm8oXER+RzxqBmmQzeBEVKfeHv2nw==",
        "dependencies": {
          "SQLitePCLRaw.lib.e_sqlite3": "2.1.12",
          "SQLitePCLRaw.provider.e_sqlite3": "2.1.12"
        }
      },
      "SQLitePCLRaw.core": {
        "type": "Transitive",
        "resolved": "2.1.12",
        "contentHash": "ETpNw9DY3ckWLgRRAeCHj+GKOuPi61aeczkXhgHexUvqoZBAYg8RYESE2J7O1M7+o6QbdSEZwrw9bfqztUVWXg=="
      },
      "SQLitePCLRaw.lib.e_sqlite3": {
        "type": "Transitive",
        "resolved": "2.1.12",
        "contentHash": "fWi8Dbknuhgg72fWinIdjXVaqO1hHL4YBBwVLnr7e1c9TAZwJ0QE38j9syW1hwx6HaqEVTwI+O07WPdZn8Rp0w=="
      },
      "SQLitePCLRaw.provider.e_sqlite3": {
        "type": "Transitive",
        "resolved": "2.1.12",
        "contentHash": "W3oH4XIfCzFrgUSDKHhN6N+dgzA5YHOR2VxX8GB6Qy7CyrJJgxPEG8NirgYWlPQC5P2jz2knSsexWu4tDUL33g==",
        "dependencies": {
          "SQLitePCLRaw.core": "2.1.12"
        }
      },
      "Sungaila.PDFium.BlazorWebAssembly": {
        "type": "Transitive",
        "resolved": "131.0.6728",
        "contentHash": "2j4VF6J71xeG8iYMMfldHRVnuBjpxw+nKSSqFYVWAxNQBkbmwFFdSVELNHPcVTS/XtnvqGNdIZh79QBzKfNDgQ=="
      },
      "Svg.Custom": {
        "type": "Transitive",
        "resolved": "2.0.0.8",
        "contentHash": "y5BQ0dDevw2D7lnCgttT/tqwQFaWbg2wJdrXqcmf9K9NfbZLjK6caLSpM0VtaJaPeyLd1tQAOLH1mP2o6+Z2sg==",
        "dependencies": {
          "ExCSS": "4.3.0"
        }
      },
      "Svg.Model": {
        "type": "Transitive",
        "resolved": "2.0.0.8",
        "contentHash": "Z1Vzef44Rf2TBtm7rnNPum5KIJygEfgsz3cdTzlhFwKP2T/joieR4ZExC7xsQj3KhKSvKdrZ8I/F8rI+Kl/aiA==",
        "dependencies": {
          "ShimSkiaSharp": "2.0.0.8",
          "Svg.Custom": "2.0.0.8"
        }
      },
      "Svg.Skia": {
        "type": "Transitive",
        "resolved": "2.0.0.8",
        "contentHash": "C9WT3Z+lY6OldZBA2jcjB5p2hq93b68HvwNk25zVevjsVfeH/BhilwBdxLaATTyQNOIeJtEta2p7frG25/dAGQ==",
        "dependencies": {
          "SkiaSharp": "2.88.9",
          "SkiaSharp.HarfBuzz": "2.88.9",
          "Svg.Custom": "2.0.0.8",
          "Svg.Model": "2.0.0.8"
        }
      },
      "System.Security.Cryptography.ProtectedData": {
        "type": "Transitive",
        "resolved": "10.0.11",
        "contentHash": "PNoxCTPb+Tlux+GJyq4c89ddYdpioVSqfGx8pqOF6shCSKwUNNctXhQtRkCICjbJmGrJJsW8NY52kVYO/b8mlQ=="
      },
      "Tmds.DBus.Protocol": {
        "type": "Transitive",
        "resolved": "0.21.3",
        "contentHash": "hDwB8WsQoyALQKqIbwzS68UKdlnafDm4T/DkO/JrA/YIneP/rKv96SxYPVXeh3FP4i/SXfShrYftKLtciJAIlw=="
      },
      "Velopack": {
        "type": "Transitive",
        "resolved": "1.2.0",
        "contentHash": "Rz67gJL619fSBS6omaSINUxyDuwhIxkm5mmubf7uLd5Qgi6LLKaKCha+QFP6n+Bw/UjA0vutnH4JQfYzn6ANtw=="
      },
      "xunit.abstractions": {
        "type": "Transitive",
        "resolved": "2.0.3",
        "contentHash": "pot1I4YOxlWjIb5jmwvvQNbTrZ3lJQ+jUGkGjWE3hEFM0l5gOnBWS+H3qsex68s5cO52g+44vpGzhAt+42vwKg=="
      },
      "xunit.analyzers": {
        "type": "Transitive",
        "resolved": "1.18.0",
        "contentHash": "OtFMHN8yqIcYP9wcVIgJrq01AfTxijjAqVDy/WeQVSyrDC1RzBWeQPztL49DN2syXRah8TYnfvk035s7L95EZQ=="
      },
      "xunit.assert": {
        "type": "Transitive",
        "resolved": "2.9.3",
        "contentHash": "/Kq28fCE7MjOV42YLVRAJzRF0WmEqsmflm0cfpMjGtzQ2lR5mYVj1/i0Y8uDAOLczkL3/jArrwehfMD0YogMAA=="
      },
      "xunit.core": {
        "type": "Transitive",
        "resolved": "2.9.3",
        "contentHash": "BiAEvqGvyme19wE0wTKdADH+NloYqikiU0mcnmiNyXaF9HyHmE6sr/3DC5vnBkgsWaE6yPyWszKSPSApWdRVeQ==",
        "dependencies": {
          "xunit.extensibility.core": "[2.9.3]",
          "xunit.extensibility.execution": "[2.9.3]"
        }
      },
      "xunit.extensibility.core": {
        "type": "Transitive",
        "resolved": "2.9.3",
        "contentHash": "kf3si0YTn2a8J8eZNb+zFpwfoyvIrQ7ivNk5ZYA5yuYk1bEtMe4DxJ2CF/qsRgmEnDr7MnW1mxylBaHTZ4qErA==",
        "dependencies": {
          "xunit.abstractions": "2.0.3"
        }
      },
      "xunit.extensibility.execution": {
        "type": "Transitive",
        "resolved": "2.9.3",
        "contentHash": "yMb6vMESlSrE3Wfj7V6cjQ3S4TXdXpRqYeNEI3zsX31uTsGMJjEw6oD5F5u1cHnMptjhEECnmZSsPxB6ChZHDQ==",
        "dependencies": {
          "xunit.extensibility.core": "[2.9.3]"
        }
      },
      "tempest.core": {
        "type": "Project",
        "dependencies": {
          "Microsoft.Data.Sqlite": "[10.0.11, )",
          "Microsoft.Extensions.Configuration": "[10.0.11, )",
          "Microsoft.Extensions.Configuration.CommandLine": "[10.0.11, )",
          "Microsoft.Extensions.Configuration.EnvironmentVariables": "[10.0.11, )",
          "Microsoft.Extensions.Configuration.Json": "[10.0.11, )",
          "Microsoft.Extensions.Logging.Abstractions": "[10.0.11, )",
          "System.Security.Cryptography.ProtectedData": "[10.0.11, )"
        }
      },
      "tempest.desktop": {
        "type": "Project",
        "dependencies": {
          "Avalonia": "[11.3.20, )",
          "Avalonia.Desktop": "[11.3.20, )",
          "Avalonia.Fonts.Inter": "[11.3.20, )",
          "Avalonia.Themes.Fluent": "[11.3.20, )",
          "PDFtoImage": "[4.1.1, )",
          "Svg.Skia": "[2.0.0.8, )",
          "Tempest.Workspace": "[0.23.0, )",
          "Tmds.DBus.Protocol": "[0.21.3, )",
          "Velopack": "[1.2.0, )"
        }
      },
      "tempest.samples": {
        "type": "Project",
        "dependencies": {
          "Tempest.Core": "[0.23.0, )",
          "Tempest.Workspace": "[0.23.0, )"
        }
      },
      "tempest.workspace": {
        "type": "Project",
        "dependencies": {
          "Tempest.Core": "[0.23.0, )"
        }
      }
    },
    "net10.0/linux-x64": {
      "Avalonia.Angle.Windows.Natives": {
        "type": "Transitive",
        "resolved": "2.1.25547.20250602",
        "contentHash": "ZL0VLc4s9rvNNFt19Pxm5UNAkmKNylugAwJPX9ulXZ6JWs/l6XZihPWWTyezaoNOVyEPU8YbURtW7XMAtqXH5A=="
      },
      "Avalonia.Native": {
        "type": "Transitive",
        "resolved": "11.3.20",
        "contentHash": "EbKYJk6cp2fPW0bZpeUcndg5wXh+VyxKkGLGXrrTqR+FZFA2CpCcT0PFzOFlTY0p8KU7Z41Hd/qZ/6TvoMB07Q==",
        "dependencies": {
          "Avalonia": "11.3.20"
        }
      },
      "bblanchon.PDFium.Linux": {
        "type": "Transitive",
        "resolved": "130.0.6721",
        "contentHash": "VUnf/AEx1CwMhfOmTmUKcWOmJKFEmFfBWmm4j3v6ryPIDLhPglF8ePSjSObapwg7hF6plebXbQNlbHACXPIZog=="
      },
      "bblanchon.PDFium.macOS": {
        "type": "Transitive",
        "resolved": "130.0.6721",
        "contentHash": "BsCVaXcakJVk8CHXDOJL6tVztqtLQ7fco+LY0IGjJT1RcTGEEzLGRVOkev6nEINVmz04fx+Zu8LCCCUKpnXW5A=="
      },
      "bblanchon.PDFium.Win32": {
        "type": "Transitive",
        "resolved": "130.0.6721",
        "contentHash": "lP+F3IdHich8riSWg/9RuwZGIt6GJvk6t2e1mIb9sQoIUVfLYU2Npocc1yYOq6SQDifs5Ux2+MRw7je3A8c5cg=="
      },
      "HarfBuzzSharp.NativeAssets.Linux": {
        "type": "Transitive",
        "resolved": "8.3.1.1",
        "contentHash": "3EZ1mpIiKWRLL5hUYA82ZHteeDIVaEA/Z0rA/wU6tjx6crcAkJnBPwDXZugBSfo8+J3EznvRJf49uMsqYfKrHg=="
      },
      "HarfBuzzSharp.NativeAssets.macOS": {
        "type": "Transitive",
        "resolved": "8.3.1.1",
        "contentHash": "jbtCsgftcaFLCA13tVKo5iWdElJScrulLTKJre36O4YQTIlwDtPPqhRZNk+Y0vv4D1gxbscasGRucUDfS44ofQ=="
      },
      "HarfBuzzSharp.NativeAssets.Win32": {
        "type": "Transitive",
        "resolved": "8.3.1.1",
        "contentHash": "UsJtQsfAJoFDZrXc4hCUfRPMqccfKZ0iumJ/upcUjz/cmsTgVFGNEL5yaJWmkqsuFYdMWbj/En5/kS4PFl9hBA=="
      },
      "SkiaSharp.NativeAssets.Linux": {
        "type": "Transitive",
        "resolved": "2.88.9",
        "contentHash": "cWSaJKVPWAaT/WIn9c8T5uT/l4ETwHxNJTkEOtNKjphNo8AW6TF9O32aRkxqw3l8GUdUo66Bu7EiqtFh/XG0Zg==",
        "dependencies": {
          "SkiaSharp": "2.88.9"
        }
      },
      "SkiaSharp.NativeAssets.Linux.NoDependencies": {
        "type": "Transitive",
        "resolved": "2.88.8",
        "contentHash": "/DoKtdyvRgCC5GR/SH+ps3ZiOjmf0BYpAyrhWQELFOO1hdcqddrDVJjDNCOJ41vV+NlS5b3kcDoZZ7jLhFjyXg==",
        "dependencies": {
          "SkiaSharp": "2.88.8"
        }
      },
      "SkiaSharp.NativeAssets.macOS": {
        "type": "Transitive",
        "resolved": "2.88.9",
        "contentHash": "Nv5spmKc4505Ep7oUoJ5vp3KweFpeNqxpyGDWyeEPTX2uR6S6syXIm3gj75dM0YJz7NPvcix48mR5laqs8dPuA=="
      },
      "SkiaSharp.NativeAssets.Win32": {
        "type": "Transitive",
        "resolved": "2.88.9",
        "contentHash": "wb2kYgU7iy84nQLYZwMeJXixvK++GoIuECjU4ECaUKNuflyRlJKyiRhN1MAHswvlvzuvkrjRWlK0Za6+kYQK7w=="
      },
      "SQLitePCLRaw.lib.e_sqlite3": {
        "type": "Transitive",
        "resolved": "2.1.12",
        "contentHash": "fWi8Dbknuhgg72fWinIdjXVaqO1hHL4YBBwVLnr7e1c9TAZwJ0QE38j9syW1hwx6HaqEVTwI+O07WPdZn8Rp0w=="
      }
    },
    "net10.0/win-x64": {
      "Avalonia.Angle.Windows.Natives": {
        "type": "Transitive",
        "resolved": "2.1.25547.20250602",
        "contentHash": "ZL0VLc4s9rvNNFt19Pxm5UNAkmKNylugAwJPX9ulXZ6JWs/l6XZihPWWTyezaoNOVyEPU8YbURtW7XMAtqXH5A=="
      },
      "Avalonia.Native": {
        "type": "Transitive",
        "resolved": "11.3.20",
        "contentHash": "EbKYJk6cp2fPW0bZpeUcndg5wXh+VyxKkGLGXrrTqR+FZFA2CpCcT0PFzOFlTY0p8KU7Z41Hd/qZ/6TvoMB07Q==",
        "dependencies": {
          "Avalonia": "11.3.20"
        }
      },
      "bblanchon.PDFium.Linux": {
        "type": "Transitive",
        "resolved": "130.0.6721",
        "contentHash": "VUnf/AEx1CwMhfOmTmUKcWOmJKFEmFfBWmm4j3v6ryPIDLhPglF8ePSjSObapwg7hF6plebXbQNlbHACXPIZog=="
      },
      "bblanchon.PDFium.macOS": {
        "type": "Transitive",
        "resolved": "130.0.6721",
        "contentHash": "BsCVaXcakJVk8CHXDOJL6tVztqtLQ7fco+LY0IGjJT1RcTGEEzLGRVOkev6nEINVmz04fx+Zu8LCCCUKpnXW5A=="
      },
      "bblanchon.PDFium.Win32": {
        "type": "Transitive",
        "resolved": "130.0.6721",
        "contentHash": "lP+F3IdHich8riSWg/9RuwZGIt6GJvk6t2e1mIb9sQoIUVfLYU2Npocc1yYOq6SQDifs5Ux2+MRw7je3A8c5cg=="
      },
      "HarfBuzzSharp.NativeAssets.Linux": {
        "type": "Transitive",
        "resolved": "8.3.1.1",
        "contentHash": "3EZ1mpIiKWRLL5hUYA82ZHteeDIVaEA/Z0rA/wU6tjx6crcAkJnBPwDXZugBSfo8+J3EznvRJf49uMsqYfKrHg=="
      },
      "HarfBuzzSharp.NativeAssets.macOS": {
        "type": "Transitive",
        "resolved": "8.3.1.1",
        "contentHash": "jbtCsgftcaFLCA13tVKo5iWdElJScrulLTKJre36O4YQTIlwDtPPqhRZNk+Y0vv4D1gxbscasGRucUDfS44ofQ=="
      },
      "HarfBuzzSharp.NativeAssets.Win32": {
        "type": "Transitive",
        "resolved": "8.3.1.1",
        "contentHash": "UsJtQsfAJoFDZrXc4hCUfRPMqccfKZ0iumJ/upcUjz/cmsTgVFGNEL5yaJWmkqsuFYdMWbj/En5/kS4PFl9hBA=="
      },
      "SkiaSharp.NativeAssets.Linux": {
        "type": "Transitive",
        "resolved": "2.88.9",
        "contentHash": "cWSaJKVPWAaT/WIn9c8T5uT/l4ETwHxNJTkEOtNKjphNo8AW6TF9O32aRkxqw3l8GUdUo66Bu7EiqtFh/XG0Zg==",
        "dependencies": {
          "SkiaSharp": "2.88.9"
        }
      },
      "SkiaSharp.NativeAssets.Linux.NoDependencies": {
        "type": "Transitive",
        "resolved": "2.88.8",
        "contentHash": "/DoKtdyvRgCC5GR/SH+ps3ZiOjmf0BYpAyrhWQELFOO1hdcqddrDVJjDNCOJ41vV+NlS5b3kcDoZZ7jLhFjyXg==",
        "dependencies": {
          "SkiaSharp": "2.88.8"
        }
      },
      "SkiaSharp.NativeAssets.macOS": {
        "type": "Transitive",
        "resolved": "2.88.9",
        "contentHash": "Nv5spmKc4505Ep7oUoJ5vp3KweFpeNqxpyGDWyeEPTX2uR6S6syXIm3gj75dM0YJz7NPvcix48mR5laqs8dPuA=="
      },
      "SkiaSharp.NativeAssets.Win32": {
        "type": "Transitive",
        "resolved": "2.88.9",
        "contentHash": "wb2kYgU7iy84nQLYZwMeJXixvK++GoIuECjU4ECaUKNuflyRlJKyiRhN1MAHswvlvzuvkrjRWlK0Za6+kYQK7w=="
      },
      "SQLitePCLRaw.lib.e_sqlite3": {
        "type": "Transitive",
        "resolved": "2.1.12",
        "contentHash": "fWi8Dbknuhgg72fWinIdjXVaqO1hHL4YBBwVLnr7e1c9TAZwJ0QE38j9syW1hwx6HaqEVTwI+O07WPdZn8Rp0w=="
      }
    }
  }
}