<Solution>
  <Project Path="../tests/Tempest.Core.Tests/Tempest.Core.Tests.csproj" />
  <Project Path="../tests/Tempest.Desktop.Tests/Tempest.Desktop.Tests.csproj" />
  <Project Path="Samples/Tempest.Samples/Tempest.Samples.csproj" />
  <Project Path="Tempest.App/Tempest.App.csproj" />
  <Project Path="Tempest.Core/Tempest.Core.csproj" />
  <Project Path="Tempest.Desktop/Tempest.Desktop.csproj" />
  <Project Path="Validation/Tempest.Validation/Tempest.Validation.csproj" />
</Solution>
